
Microsoft Visual Studio Solution File, Format Version 12.00
# Visual Studio Version 17
VisualStudioVersion = 17.7.34018.315
MinimumVisualStudioVersion = 10.0.40219.1
Project("{FAE04EC0-301F-11D3-BF4B-00C04F79EFBC}") = "ConsoleApp1", "ConsoleApp1\ConsoleApp1.csproj", "{55E5C2F9-B81B-427B-8317-858054659748}"
EndProject
Global
	GlobalSection(SolutionConfigurationPlatforms) = preSolution
		Debug|Any CPU = Debug|Any CPU
		Release|Any CPU = Release|Any CPU
	EndGlobalSection
	GlobalSection(ProjectConfigurationPlatforms) = postSolution
		{55E5C2F9-B81B-427B-8317-858054659748}.Debug|Any CPU.ActiveCfg = Debug|Any CPU
		{55E5C2F9-B81B-427B-8317-858054659748}.Debug|Any CPU.Build.0 = Debug|Any CPU
		{55E5C2F9-B81B-427B-8317-858054659748}.Release|Any CPU.ActiveCfg = Release|Any CPU
		{55E5C2F9-B81B-427B-8317-858054659748}.Release|Any CPU.Build.0 = Release|Any CPU
	EndGlobalSection
	GlobalSection(SolutionProperties) = preSolution
		HideSolutionNode = FALSE
	EndGlobalSection
	GlobalSection(ExtensibilityGlobals) = postSolution
		SolutionGuid = {717373BF-10D5-4047-AFA0-E615A034C76F}
	EndGlobalSection
EndGlobal
